
Microsoft Visual Studio Solution File, Format Version 12.00
# Visual Studio Version 16
VisualStudioVersion = 16.0.31424.327
MinimumVisualStudioVersion = 10.0.40219.1
Project("{FAE04EC0-301F-11D3-BF4B-00C04F79EFBC}") = "Notes.Web", "Notes.Web\Notes.Web.csproj", "{CE9725CE-75DF-4C98-86E1-744FB1CC4F74}"
EndProject
Global
	GlobalSection(SolutionConfigurationPlatforms) = preSolution
		Debug|Any CPU = Debug|Any CPU
		Release|Any CPU = Release|Any CPU
	EndGlobalSection
	GlobalSection(ProjectConfigurationPlatforms) = postSolution
		{CE9725CE-75DF-4C98-86E1-744FB1CC4F74}.Debug|Any CPU.ActiveCfg = Debug|Any CPU
		{CE9725CE-75DF-4C98-86E1-744FB1CC4F74}.Debug|Any CPU.Build.0 = Debug|Any CPU
		{CE9725CE-75DF-4C98-86E1-744FB1CC4F74}.Release|Any CPU.ActiveCfg = Release|Any CPU
		{CE9725CE-75DF-4C98-86E1-744FB1CC4F74}.Release|Any CPU.Build.0 = Release|Any CPU
	EndGlobalSection
	GlobalSection(SolutionProperties) = preSolution
		HideSolutionNode = FALSE
	EndGlobalSection
	GlobalSection(ExtensibilityGlobals) = postSolution
		SolutionGuid = {44B534D7-90D1-46F6-BD0C-88E30D020667}
	EndGlobalSection
EndGlobal
